// !$*UTF8*$!
{
	archiveVersion = 1;
	classes = {
	};
	objectVersion = 50;
	objects = {

/* Begin PBXBuildFile section */
		39251EBF25B73B600098DCAD /* LapTableCell.swift in Sources */ = {isa = PBXBuildFile; fileRef = 39251EBE25B73B600098DCAD /* LapTableCell.swift */; };
		3949C20B25B6374E007102E5 /* AppDelegate.swift in Sources */ = {isa = PBXBuildFile; fileRef = 3949C20A25B6374E007102E5 /* AppDelegate.swift */; };
		3949C20D25B6374E007102E5 /* ViewController.swift in Sources */ = {isa = PBXBuildFile; fileRef = 3949C20C25B6374E007102E5 /* ViewController.swift */; };
		3949C21025B6374E007102E5 /* Main.storyboard in Resources */ = {isa = PBXBuildFile; fileRef = 3949C20E25B6374E007102E5 /* Main.storyboard */; };
		3949C21225B63756007102E5 /* Assets.xcassets in Resources */ = {isa = PBXBuildFile; fileRef = 3949C21125B63756007102E5 /* Assets.xcassets */; };
		3949C21525B63756007102E5 /* LaunchScreen.storyboard in Resources */ = {isa = PBXBuildFile; fileRef = 3949C21325B63756007102E5 /* LaunchScreen.storyboard */; };
		3949C22025B63756007102E5 /* stopwatchTests.swift in Sources */ = {isa = PBXBuildFile; fileRef = 3949C21F25B63756007102E5 /* stopwatchTests.swift */; };
		3949C22B25B63756007102E5 /* stopwatchUITests.swift in Sources */ = {isa = PBXBuildFile; fileRef = 3949C22A25B63756007102E5 /* stopwatchUITests.swift */; };
/* End PBXBuildFile section */

/* Begin PBXContainerItemProxy section */
		3949C21C25B63756007102E5 /* PBXContainerItemProxy */ = {
			isa = PBXContainerItemProxy;
			containerPortal = 3949C1FF25B6374E007102E5 /* Project object */;
			proxyType = 1;
			remoteGlobalIDString = 3949C20625B6374E007102E5;
			remoteInfo = stopwatch;
		};
		3949C22725B63756007102E5 /* PBXContainerItemProxy */ = {
			isa = PBXContainerItemProxy;
			containerPortal = 3949C1FF25B6374E007102E5 /* Project object */;
			proxyType = 1;
			remoteGlobalIDString = 3949C20625B6374E007102E5;
			remoteInfo = stopwatch;
		};
/* End PBXContainerItemProxy section */

/* Begin PBXFileReference section */
		39251EBE25B73B600098DCAD /* LapTableCell.swift */ = {isa = PBXFileReference; fileEncoding = 4; lastKnownFileType = sourcecode.swift; path = LapTableCell.swift; sourceTree = "<group>"; };
		3949C20725B6374E007102E5 /* stopwatch.app */ = {isa = PBXFileReference; explicitFileType = wrapper.application; includeInIndex = 0; path = stopwatch.app; sourceTree = BUILT_PRODUCTS_DIR; };
		3949C20A25B6374E007102E5 /* AppDelegate.swift */ = {isa = PBXFileReference; lastKnownFileType = sourcecode.swift; path = AppDelegate.swift; sourceTree = "<group>"; };
		3949C20C25B6374E007102E5 /* ViewController.swift */ = {isa = PBXFileReference; lastKnownFileType = sourcecode.swift; path = ViewController.swift; sourceTree = "<group>"; };
		3949C20F25B6374E007102E5 /* Base */ = {isa = PBXFileReference; lastKnownFileType = file.storyboard; name = Base; path = Base.lproj/Main.storyboard; sourceTree = "<group>"; };
		3949C21125B63756007102E5 /* Assets.xcassets */ = {isa = PBXFileReference; lastKnownFileType = folder.assetcatalog; path = Assets.xcassets; sourceTree = "<group>"; };
		3949C21425B63756007102E5 /* Base */ = {isa = PBXFileReference; lastKnownFileType = file.storyboard; name = Base; path = Base.lproj/LaunchScreen.storyboard; sourceTree = "<group>"; };
		3949C21625B63756007102E5 /* Info.plist */ = {isa = PBXFileReference; lastKnownFileType = text.plist.xml; path = Info.plist; sourceTree = "<group>"; };
		3949C21B25B63756007102E5 /* stopwatchTests.xctest */ = {isa = PBXFileReference; explicitFileType = wrapper.cfbundle; includeInIndex = 0; path = stopwatchTests.xctest; sourceTree = BUILT_PRODUCTS_DIR; };
		3949C21F25B63756007102E5 /* stopwatchTests.swift */ = {isa = PBXFileReference; lastKnownFileType = sourcecode.swift; path = stopwatchTests.swift; sourceTree = "<group>"; };
		3949C22125B63756007102E5 /* Info.plist */ = {isa = PBXFileReference; lastKnownFileType = text.plist.xml; path = Info.plist; sourceTree = "<group>"; };
		3949C22625B63756007102E5 /* stopwatchUITests.xctest */ = {isa = PBXFileReference; explicitFileType = wrapper.cfbundle; includeInIndex = 0; path = stopwatchUITests.xctest; sourceTree = BUILT_PRODUCTS_DIR; };
		3949C22A25B63756007102E5 /* stopwatchUITests.swift */ = {isa = PBXFileReference; lastKnownFileType = sourcecode.swift; path = stopwatchUITests.swift; sourceTree = "<group>"; };
		3949C22C25B63756007102E5 /* Info.plist */ = {isa = PBXFileReference; lastKnownFileType = text.plist.xml; path = Info.plist; sourceTree = "<group>"; };
/* End PBXFileReference section */

/* Begin PBXFrameworksBuildPhase section */
		3949C20425B6374E007102E5 /* Frameworks */ = {
			isa = PBXFrameworksBuildPhase;
			buildActionMask = 2147483647;
			files = (
			);
			runOnlyForDeploymentPostprocessing = 0;
		};
		3949C21825B63756007102E5 /* Frameworks */ = {
			isa = PBXFrameworksBuildPhase;
			buildActionMask = 2147483647;
			files = (
			);
			runOnlyForDeploymentPostprocessing = 0;
		};
		3949C22325B63756007102E5 /* Frameworks */ = {
			isa = PBXFrameworksBuildPhase;
			buildActionMask = 2147483647;
			files = (
			);
			runOnlyForDeploymentPostprocessing = 0;
		};
/* End PBXFrameworksBuildPhase section */

/* Begin PBXGroup section */
		3949C1FE25B6374E007102E5 = {
			isa = PBXGroup;
			children = (
				3949C20925B6374E007102E5 /* stopwatch */,
				3949C21E25B63756007102E5 /* stopwatchTests */,
				3949C22925B63756007102E5 /* stopwatchUITests */,
				3949C20825B6374E007102E5 /* Products */,
			);
			sourceTree = "<group>";
		};
		3949C20825B6374E007102E5 /* Products */ = {
			isa = PBXGroup;
			children = (
				3949C20725B6374E007102E5 /* stopwatch.app */,
				3949C21B25B63756007102E5 /* stopwatchTests.xctest */,
				3949C22625B63756007102E5 /* stopwatchUITests.xctest */,
			);
			name = Products;
			sourceTree = "<group>";
		};
		3949C20925B6374E007102E5 /* stopwatch */ = {
			isa = PBXGroup;
			children = (
				39251EBE25B73B600098DCAD /* LapTableCell.swift */,
				3949C20A25B6374E007102E5 /* AppDelegate.swift */,
				3949C20C25B6374E007102E5 /* ViewController.swift */,
				3949C20E25B6374E007102E5 /* Main.storyboard */,
				3949C21125B63756007102E5 /* Assets.xcassets */,
				3949C21325B63756007102E5 /* LaunchScreen.storyboard */,
				3949C21625B63756007102E5 /* Info.plist */,
			);
			path = stopwatch;
			sourceTree = "<group>";
		};
		3949C21E25B63756007102E5 /* stopwatchTests */ = {
			isa = PBXGroup;
			children = (
				3949C21F25B63756007102E5 /* stopwatchTests.swift */,
				3949C22125B63756007102E5 /* Info.plist */,
			);
			path = stopwatchTests;
			sourceTree = "<group>";
		};
		3949C22925B63756007102E5 /* stopwatchUITests */ = {
			isa = PBXGroup;
			children = (
				3949C22A25B63756007102E5 /* stopwatchUITests.swift */,
				3949C22C25B63756007102E5 /* Info.plist */,
			);
			path = stopwatchUITests;
			sourceTree = "<group>";
		};
/* End PBXGroup section */

/* Begin PBXNativeTarget section */
		3949C20625B6374E007102E5 /* stopwatch */ = {
			isa = PBXNativeTarget;
			buildConfigurationList = 3949C22F25B63756007102E5 /* Build configuration list for PBXNativeTarget "stopwatch" */;
			buildPhases = (
				3949C20325B6374E007102E5 /* Sources */,
				3949C20425B6374E007102E5 /* Frameworks */,
				3949C20525B6374E007102E5 /* Resources */,
			);
			buildRules = (
			);
			dependencies = (
			);
			name = stopwatch;
			productName = stopwatch;
			productReference = 3949C20725B6374E007102E5 /* stopwatch.app */;
			productType = "com.apple.product-type.application";
		};
		3949C21A25B63756007102E5 /* stopwatchTests */ = {
			isa = PBXNativeTarget;
			buildConfigurationList = 3949C23225B63756007102E5 /* Build configuration list for PBXNativeTarget "stopwatchTests" */;
			buildPhases = (
				3949C21725B63756007102E5 /* Sources */,
				3949C21825B63756007102E5 /* Frameworks */,
				3949C21925B63756007102E5 /* Resources */,
			);
			buildRules = (
			);
			dependencies = (
				3949C21D25B63756007102E5 /* PBXTargetDependency */,
			);
			name = stopwatchTests;
			productName = stopwatchTests;
			productReference = 3949C21B25B63756007102E5 /* stopwatchTests.xctest */;
			productType = "com.apple.product-type.bundle.unit-test";
		};
		3949C22525B63756007102E5 /* stopwatchUITests */ = {
			isa = PBXNativeTarget;
			buildConfigurationList = 3949C23525B63756007102E5 /* Build configuration list for PBXNativeTarget "stopwatchUITests" */;
			buildPhases = (
				3949C22225B63756007102E5 /* Sources */,
				3949C22325B63756007102E5 /* Frameworks */,
				3949C22425B63756007102E5 /* Resources */,
			);
			buildRules = (
			);
			dependencies = (
				3949C22825B63756007102E5 /* PBXTargetDependency */,
			);
			name = stopwatchUITests;
			productName = stopwatchUITests;
			productReference = 3949C22625B63756007102E5 /* stopwatchUITests.xctest */;
			productType = "com.apple.product-type.bundle.ui-testing";
		};
/* End PBXNativeTarget section */

/* Begin PBXProject section */
		3949C1FF25B6374E007102E5 /* Project object */ = {
			isa = PBXProject;
			attributes = {
				LastSwiftUpdateCheck = 1010;
				LastUpgradeCheck = 1010;
				ORGANIZATIONNAME = Nency;
				TargetAttributes = {
					3949C20625B6374E007102E5 = {
						CreatedOnToolsVersion = 10.1;
					};
					3949C21A25B63756007102E5 = {
						CreatedOnToolsVersion = 10.1;
						TestTargetID = 3949C20625B6374E007102E5;
					};
					3949C22525B63756007102E5 = {
						CreatedOnToolsVersion = 10.1;
						TestTargetID = 3949C20625B6374E007102E5;
					};
				};
			};
			buildConfigurationList = 3949C20225B6374E007102E5 /* Build configuration list for PBXProject "stopwatch" */;
			compatibilityVersion = "Xcode 9.3";
			developmentRegion = en;
			hasScannedForEncodings = 0;
			knownRegions = (
				en,
				Base,
			);
			mainGroup = 3949C1FE25B6374E007102E5;
			productRefGroup = 3949C20825B6374E007102E5 /* Products */;
			projectDirPath = "";
			projectRoot = "";
			targets = (
				3949C20625B6374E007102E5 /* stopwatch */,
				3949C21A25B63756007102E5 /* stopwatchTests */,
				3949C22525B63756007102E5 /* stopwatchUITests */,
			);
		};
/* End PBXProject section */

/* Begin PBXResourcesBuildPhase section */
		3949C20525B6374E007102E5 /* Resources */ = {
			isa = PBXResourcesBuildPhase;
			buildActionMask = 2147483647;
			files = (
				3949C21525B63756007102E5 /* LaunchScreen.storyboard in Resources */,
				3949C21225B63756007102E5 /* Assets.xcassets in Resources */,
				3949C21025B6374E007102E5 /* Main.storyboard in Resources */,
			);
			runOnlyForDeploymentPostprocessing = 0;
		};
		3949C21925B63756007102E5 /* Resources */ = {
			isa = PBXResourcesBuildPhase;
			buildActionMask = 2147483647;
			files = (
			);
			runOnlyForDeploymentPostprocessing = 0;
		};
		3949C22425B63756007102E5 /* Resources */ = {
			isa = PBXResourcesBuildPhase;
			buildActionMask = 2147483647;
			files = (
			);
			runOnlyForDeploymentPostprocessing = 0;
		};
/* End PBXResourcesBuildPhase section */

/* Begin PBXSourcesBuildPhase section */
		3949C20325B6374E007102E5 /* Sources */ = {
			isa = PBXSourcesBuildPhase;
			buildActionMask = 2147483647;
			files = (
				3949C20D25B6374E007102E5 /* ViewController.swift in Sources */,
				39251EBF25B73B600098DCAD /* LapTableCell.swift in Sources */,
				3949C20B25B6374E007102E5 /* AppDelegate.swift in Sources */,
			);
			runOnlyForDeploymentPostprocessing = 0;
		};
		3949C21725B63756007102E5 /* Sources */ = {
			isa = PBXSourcesBuildPhase;
			buildActionMask = 2147483647;
			files = (
				3949C22025B63756007102E5 /* stopwatchTests.swift in Sources */,
			);
			runOnlyForDeploymentPostprocessing = 0;
		};
		3949C22225B63756007102E5 /* Sources */ = {
			isa = PBXSourcesBuildPhase;
			buildActionMask = 2147483647;
			files = (
				3949C22B25B63756007102E5 /* stopwatchUITests.swift in Sources */,
			);
			runOnlyForDeploymentPostprocessing = 0;
		};
/* End PBXSourcesBuildPhase section */

/* Begin PBXTargetDependency section */
		3949C21D25B63756007102E5 /* PBXTargetDependency */ = {
			isa = PBXTargetDependency;
			target = 3949C20625B6374E007102E5 /* stopwatch */;
			targetProxy = 3949C21C25B63756007102E5 /* PBXContainerItemProxy */;
		};
		3949C22825B63756007102E5 /* PBXTargetDependency */ = {
			isa = PBXTargetDependency;
			target = 3949C20625B6374E007102E5 /* stopwatch */;
			targetProxy = 3949C22725B63756007102E5 /* PBXContainerItemProxy */;
		};
/* End PBXTargetDependency section */

/* Begin PBXVariantGroup section */
		3949C20E25B6374E007102E5 /* Main.storyboard */ = {
			isa = PBXVariantGroup;
			children = (
				3949C20F25B6374E007102E5 /* Base */,
			);
			name = Main.storyboard;
			sourceTree = "<group>";
		};
		3949C21325B63756007102E5 /* LaunchScreen.storyboard */ = {
			isa = PBXVariantGroup;
			children = (
				3949C21425B63756007102E5 /* Base */,
			);
			name = LaunchScreen.storyboard;
			sourceTree = "<group>";
		};
/* End PBXVariantGroup section */

/* Begin XCBuildConfiguration section */
		3949C22D25B63756007102E5 /* Debug */ = {
			isa = XCBuildConfiguration;
			buildSettings = {
				ALWAYS_SEARCH_USER_PATHS = NO;
				CLANG_ANALYZER_NONNULL = YES;
				CLANG_ANALYZER_NUMBER_OBJECT_CONVERSION = YES_AGGRESSIVE;
				CLANG_CXX_LANGUAGE_STANDARD = "gnu++14";
				CLANG_CXX_LIBRARY = "libc++";
				CLANG_ENABLE_MODULES = YES;
				CLANG_ENABLE_OBJC_ARC = YES;
				CLANG_ENABLE_OBJC_WEAK = YES;
				CLANG_WARN_BLOCK_CAPTURE_AUTORELEASING = YES;
				CLANG_WARN_BOOL_CONVERSION = YES;
				CLANG_WARN_COMMA = YES;
				CLANG_WARN_CONSTANT_CONVERSION = YES;
				CLANG_WARN_DEPRECATED_OBJC_IMPLEMENTATIONS = YES;
				CLANG_WARN_DIRECT_OBJC_ISA_USAGE = YES_ERROR;
				CLANG_WARN_DOCUMENTATION_COMMENTS = YES;
				CLANG_WARN_EMPTY_BODY = YES;
				CLANG_WARN_ENUM_CONVERSION = YES;
				CLANG_WARN_INFINITE_RECURSION = YES;
				CLANG_WARN_INT_CONVERSION = YES;
				CLANG_WARN_NON_LITERAL_NULL_CONVERSION = YES;
				CLANG_WARN_OBJC_IMPLICIT_RETAIN_SELF = YES;
				CLANG_WARN_OBJC_LITERAL_CONVERSION = YES;
				CLANG_WARN_OBJC_ROOT_CLASS = YES_ERROR;
				CLANG_WARN_RANGE_LOOP_ANALYSIS = YES;
				CLANG_WARN_STRICT_PROTOTYPES = YES;
				CLANG_WARN_SUSPICIOUS_MOVE = YES;
				CLANG_WARN_UNGUARDED_AVAILABILITY = YES_AGGRESSIVE;
				CLANG_WARN_UNREACHABLE_CODE = YES;
				CLANG_WARN__DUPLICATE_METHOD_MATCH = YES;
				CODE_SIGN_IDENTITY = "iPhone Developer";
				COPY_PHASE_STRIP = NO;
				DEBUG_INFORMATION_FORMAT = dwarf;
				ENABLE_STRICT_OBJC_MSGSEND = YES;
				ENABLE_TESTABILITY = YES;
				GCC_C_LANGUAGE_STANDARD = gnu11;
				GCC_DYNAMIC_NO_PIC = NO;
				GCC_NO_COMMON_BLOCKS = YES;
				GCC_OPTIMIZATION_LEVEL = 0;
				GCC_PREPROCESSOR_DEFINITIONS = (
					"DEBUG=1",
					"$(inherited)",
				);
				GCC_WARN_64_TO_32_BIT_CONVERSION = YES;
				GCC_WARN_ABOUT_RETURN_TYPE = YES_ERROR;
				GCC_WARN_UNDECLARED_SELECTOR = YES;
				GCC_WARN_UNINITIALIZED_AUTOS = YES_AGGRESSIVE;
				GCC_WARN_UNUSED_FUNCTION = YES;
				GCC_WARN_UNUSED_VARIABLE = YES;
				IPHONEOS_DEPLOYMENT_TARGET = 12.1;
				MTL_ENABLE_DEBUG_INFO = INCLUDE_SOURCE;
				MTL_FAST_MATH = YES;
				ONLY_ACTIVE_ARCH = YES;
				SDKROOT = iphoneos;
				SWIFT_ACTIVE_COMPILATION_CONDITIONS = DEBUG;
				SWIFT_OPTIMIZATION_LEVEL = "-Onone";
			};
			name = Debug;
		};
		3949C22E25B63756007102E5 /* Release */ = {
			isa = XCBuildConfiguration;
			buildSettings = {
				ALWAYS_SEARCH_USER_PATHS = NO;
				CLANG_ANALYZER_NONNULL = YES;
				CLANG_ANALYZER_NUMBER_OBJECT_CONVERSION = YES_AGGRESSIVE;
				CLANG_CXX_LANGUAGE_STANDARD = "gnu++14";
				CLANG_CXX_LIBRARY = "libc++";
				CLANG_ENABLE_MODULES = YES;
				CLANG_ENABLE_OBJC_ARC = YES;
				CLANG_ENABLE_OBJC_WEAK = YES;
				CLANG_WARN_BLOCK_CAPTURE_AUTORELEASING = YES;
				CLANG_WARN_BOOL_CONVERSION = YES;
				CLANG_WARN_COMMA = YES;
				CLANG_WARN_CONSTANT_CONVERSION = YES;
				CLANG_WARN_DEPRECATED_OBJC_IMPLEMENTATIONS = YES;
				CLANG_WARN_DIRECT_OBJC_ISA_USAGE = YES_ERROR;
				CLANG_WARN_DOCUMENTATION_COMMENTS = YES;
				CLANG_WARN_EMPTY_BODY = YES;
				CLANG_WARN_ENUM_CONVERSION = YES;
				CLANG_WARN_INFINITE_RECURSION = YES;
				CLANG_WARN_INT_CONVERSION = YES;
				CLANG_WARN_NON_LITERAL_NULL_CONVERSION = YES;
				CLANG_WARN_OBJC_IMPLICIT_RETAIN_SELF = YES;
				CLANG_WARN_OBJC_LITERAL_CONVERSION = YES;
				CLANG_WARN_OBJC_ROOT_CLASS = YES_ERROR;
				CLANG_WARN_RANGE_LOOP_ANALYSIS = YES;
				CLANG_WARN_STRICT_PROTOTYPES = YES;
				CLANG_WARN_SUSPICIOUS_MOVE = YES;
				CLANG_WARN_UNGUARDED_AVAILABILITY = YES_AGGRESSIVE;
				CLANG_WARN_UNREACHABLE_CODE = YES;
				CLANG_WARN__DUPLICATE_METHOD_MATCH = YES;
				CODE_SIGN_IDENTITY = "iPhone Developer";
				COPY_PHASE_STRIP = NO;
				DEBUG_INFORMATION_FORMAT = "dwarf-with-dsym";
				ENABLE_NS_ASSERTIONS = NO;
				ENABLE_STRICT_OBJC_MSGSEND = YES;
				GCC_C_LANGUAGE_STANDARD = gnu11;
				GCC_NO_COMMON_BLOCKS = YES;
				GCC_WARN_64_TO_32_BIT_CONVERSION = YES;
				GCC_WARN_ABOUT_RETURN_TYPE = YES_ERROR;
				GCC_WARN_UNDECLARED_SELECTOR = YES;
				GCC_WARN_UNINITIALIZED_AUTOS = YES_AGGRESSIVE;
				GCC_WARN_UNUSED_FUNCTION = YES;
				GCC_WARN_UNUSED_VARIABLE = YES;
				IPHONEOS_DEPLOYMENT_TARGET = 12.1;
				MTL_ENABLE_DEBUG_INFO = NO;
				MTL_FAST_MATH = YES;
				SDKROOT = iphoneos;
				SWIFT_COMPILATION_MODE = wholemodule;
				SWIFT_OPTIMIZATION_LEVEL = "-O";
				VALIDATE_PRODUCT = YES;
			};
			name = Release;
		};
		3949C23025B63756007102E5 /* Debug */ = {
			isa = XCBuildConfiguration;
			buildSettings = {
				ASSETCATALOG_COMPILER_APPICON_NAME = AppIcon;
				CODE_SIGN_STYLE = Automatic;
				INFOPLIST_FILE = stopwatch/Info.plist;
				LD_RUNPATH_SEARCH_PATHS = (
					"$(inherited)",
					"@executable_path/Frameworks",
				);
				PRODUCT_BUNDLE_IDENTIFIER = com.nency.stopwatch;
				PRODUCT_NAME = "$(TARGET_NAME)";
				SWIFT_VERSION = 4.2;
				TARGETED_DEVICE_FAMILY = "1,2";
			};
			name = Debug;
		};
		3949C23125B63756007102E5 /* Release */ = {
			isa = XCBuildConfiguration;
			buildSettings = {
				ASSETCATALOG_COMPILER_APPICON_NAME = AppIcon;
				CODE_SIGN_STYLE = Automatic;
				INFOPLIST_FILE = stopwatch/Info.plist;
				LD_RUNPATH_SEARCH_PATHS = (
					"$(inherited)",
					"@executable_path/Frameworks",
				);
				PRODUCT_BUNDLE_IDENTIFIER = com.nency.stopwatch;
				PRODUCT_NAME = "$(TARGET_NAME)";
				SWIFT_VERSION = 4.2;
				TARGETED_DEVICE_FAMILY = "1,2";
			};
			name = Release;
		};
		3949C23325B63756007102E5 /* Debug */ = {
			isa = XCBuildConfiguration;
			buildSettings = {
				ALWAYS_EMBED_SWIFT_STANDARD_LIBRARIES = YES;
				BUNDLE_LOADER = "$(TEST_HOST)";
				CODE_SIGN_STYLE = Automatic;
				INFOPLIST_FILE = stopwatchTests/Info.plist;
				LD_RUNPATH_SEARCH_PATHS = (
					"$(inherited)",
					"@executable_path/Frameworks",
					"@loader_path/Frameworks",
				);
				PRODUCT_BUNDLE_IDENTIFIER = com.nency.stopwatchTests;
				PRODUCT_NAME = "$(TARGET_NAME)";
				SWIFT_VERSION = 4.2;
				TARGETED_DEVICE_FAMILY = "1,2";
				TEST_HOST = "$(BUILT_PRODUCTS_DIR)/stopwatch.app/stopwatch";
			};
			name = Debug;
		};
		3949C23425B63756007102E5 /* Release */ = {
			isa = XCBuildConfiguration;
			buildSettings = {
				ALWAYS_EMBED_SWIFT_STANDARD_LIBRARIES = YES;
				BUNDLE_LOADER = "$(TEST_HOST)";
				CODE_SIGN_STYLE = Automatic;
				INFOPLIST_FILE = stopwatchTests/Info.plist;
				LD_RUNPATH_SEARCH_PATHS = (
					"$(inherited)",
					"@executable_path/Frameworks",
					"@loader_path/Frameworks",
				);
				PRODUCT_BUNDLE_IDENTIFIER = com.nency.stopwatchTests;
				PRODUCT_NAME = "$(TARGET_NAME)";
				SWIFT_VERSION = 4.2;
				TARGETED_DEVICE_FAMILY = "1,2";
				TEST_HOST = "$(BUILT_PRODUCTS_DIR)/stopwatch.app/stopwatch";
			};
			name = Release;
		};
		3949C23625B63756007102E5 /* Debug */ = {
			isa = XCBuildConfiguration;
			buildSettings = {
				ALWAYS_EMBED_SWIFT_STANDARD_LIBRARIES = YES;
				CODE_SIGN_STYLE = Automatic;
				INFOPLIST_FILE = stopwatchUITests/Info.plist;
				LD_RUNPATH_SEARCH_PATHS = (
					"$(inherited)",
					"@executable_path/Frameworks",
					"@loader_path/Frameworks",
				);
				PRODUCT_BUNDLE_IDENTIFIER = com.nency.stopwatchUITests;
				PRODUCT_NAME = "$(TARGET_NAME)";
				SWIFT_VERSION = 4.2;
				TARGETED_DEVICE_FAMILY = "1,2";
				TEST_TARGET_NAME = stopwatch;
			};
			name = Debug;
		};
		3949C23725B63756007102E5 /* Release */ = {
			isa = XCBuildConfiguration;
			buildSettings = {
				ALWAYS_EMBED_SWIFT_STANDARD_LIBRARIES = YES;
				CODE_SIGN_STYLE = Automatic;
				INFOPLIST_FILE = stopwatchUITests/Info.plist;
				LD_RUNPATH_SEARCH_PATHS = (
					"$(inherited)",
					"@executable_path/Frameworks",
					"@loader_path/Frameworks",
				);
				PRODUCT_BUNDLE_IDENTIFIER = com.nency.stopwatchUITests;
				PRODUCT_NAME = "$(TARGET_NAME)";
				SWIFT_VERSION = 4.2;
				TARGETED_DEVICE_FAMILY = "1,2";
				TEST_TARGET_NAME = stopwatch;
			};
			name = Release;
		};
/* End XCBuildConfiguration section */

/* Begin XCConfigurationList section */
		3949C20225B6374E007102E5 /* Build configuration list for PBXProject "stopwatch" */ = {
			isa = XCConfigurationList;
			buildConfigurations = (
				3949C22D25B63756007102E5 /* Debug */,
				3949C22E25B63756007102E5 /* Release */,
			);
			defaultConfigurationIsVisible = 0;
			defaultConfigurationName = Release;
		};
		3949C22F25B63756007102E5 /* Build configuration list for PBXNativeTarget "stopwatch" */ = {
			isa = XCConfigurationList;
			buildConfigurations = (
				3949C23025B63756007102E5 /* Debug */,
				3949C23125B63756007102E5 /* Release */,
			);
			defaultConfigurationIsVisible = 0;
			defaultConfigurationName = Release;
		};
		3949C23225B63756007102E5 /* Build configuration list for PBXNativeTarget "stopwatchTests" */ = {
			isa = XCConfigurationList;
			buildConfigurations = (
				3949C23325B63756007102E5 /* Debug */,
				3949C23425B63756007102E5 /* Release */,
			);
			defaultConfigurationIsVisible = 0;
			defaultConfigurationName = Release;
		};
		3949C23525B63756007102E5 /* Build configuration list for PBXNativeTarget "stopwatchUITests" */ = {
			isa = XCConfigurationList;
			buildConfigurations = (
				3949C23625B63756007102E5 /* Debug */,
				3949C23725B63756007102E5 /* Release */,
			);
			defaultConfigurationIsVisible = 0;
			defaultConfigurationName = Release;
		};
/* End XCConfigurationList section */
	};
	rootObject = 3949C1FF25B6374E007102E5 /* Project object */;
}
